
Microsoft Visual Studio Solution File, Format Version 12.00
# Visual Studio Version 17
VisualStudioVersion = 17.4.33122.133
MinimumVisualStudioVersion = 10.0.40219.1
Project("{9A19103F-16F7-4668-BE54-9A1E7A4F7556}") = "SizeGuesstimator", "SizeOfTests\SizeGuesstimator.csproj", "{CC030C05-9B82-4B35-AE15-0CB1535BB95A}"
EndProject
Project("{9A19103F-16F7-4668-BE54-9A1E7A4F7556}") = "SizeGuesstimator.UnitTests", "SizeGuesstimator.UnitTests\SizeGuesstimator.UnitTests.csproj", "{CD207681-BA57-40C8-B85A-4F03B499F3E0}"
EndProject
Global
	GlobalSection(SolutionConfigurationPlatforms) = preSolution
		Debug|Any CPU = Debug|Any CPU
		Release|Any CPU = Release|Any CPU
	EndGlobalSection
	GlobalSection(ProjectConfigurationPlatforms) = postSolution
		{CC030C05-9B82-4B35-AE15-0CB1535BB95A}.Debug|Any CPU.ActiveCfg = Debug|Any CPU
		{CC030C05-9B82-4B35-AE15-0CB1535BB95A}.Debug|Any CPU.Build.0 = Debug|Any CPU
		{CC030C05-9B82-4B35-AE15-0CB1535BB95A}.Release|Any CPU.ActiveCfg = Release|Any CPU
		{CC030C05-9B82-4B35-AE15-0CB1535BB95A}.Release|Any CPU.Build.0 = Release|Any CPU
		{CD207681-BA57-40C8-B85A-4F03B499F3E0}.Debug|Any CPU.ActiveCfg = Debug|Any CPU
		{CD207681-BA57-40C8-B85A-4F03B499F3E0}.Debug|Any CPU.Build.0 = Debug|Any CPU
		{CD207681-BA57-40C8-B85A-4F03B499F3E0}.Release|Any CPU.ActiveCfg = Release|Any CPU
		{CD207681-BA57-40C8-B85A-4F03B499F3E0}.Release|Any CPU.Build.0 = Release|Any CPU
	EndGlobalSection
	GlobalSection(SolutionProperties) = preSolution
		HideSolutionNode = FALSE
	EndGlobalSection
	GlobalSection(ExtensibilityGlobals) = postSolution
		SolutionGuid = {8193267D-26E6-4CFB-A1CC-CDA4310DE63D}
	EndGlobalSection
EndGlobal
